
Microsoft Visual Studio Solution File, Format Version 12.00
# Visual Studio Version 17
VisualStudioVersion = 17.3.32819.101
MinimumVisualStudioVersion = 10.0.40219.1
Project("{FAE04EC0-301F-11D3-BF4B-00C04F79EFBC}") = "app", "app\app.csproj", "{869FEF06-CAE9-4AB1-B6A9-AECFAACF93A7}"
EndProject
Global
	GlobalSection(SolutionConfigurationPlatforms) = preSolution
		Debug|Any CPU = Debug|Any CPU
		Release|Any CPU = Release|Any CPU
	EndGlobalSection
	GlobalSection(ProjectConfigurationPlatforms) = postSolution
		{869FEF06-CAE9-4AB1-B6A9-AECFAACF93A7}.Debug|Any CPU.ActiveCfg = Debug|Any CPU
		{869FEF06-CAE9-4AB1-B6A9-AECFAACF93A7}.Debug|Any CPU.Build.0 = Debug|Any CPU
		{869FEF06-CAE9-4AB1-B6A9-AECFAACF93A7}.Release|Any CPU.ActiveCfg = Release|Any CPU
		{869FEF06-CAE9-4AB1-B6A9-AECFAACF93A7}.Release|Any CPU.Build.0 = Release|Any CPU
	EndGlobalSection
	GlobalSection(SolutionProperties) = preSolution
		HideSolutionNode = FALSE
	EndGlobalSection
	GlobalSection(ExtensibilityGlobals) = postSolution
		SolutionGuid = {A71B821F-D22B-4544-8C74-9B8465C29457}
	EndGlobalSection
EndGlobal
